
Microsoft Visual Studio Solution File, Format Version 12.00
# Visual Studio 15
VisualStudioVersion = 15.0.27428.2037
MinimumVisualStudioVersion = 10.0.40219.1
Project("{FAE04EC0-301F-11D3-BF4B-00C04F79EFBC}") = "Al MasaCafeeSystem", "Al MasaCafeeSystem\Al MasaCafeeSystem.csproj", "{390059A4-046B-40F3-B04B-383D0A2D13AD}"
EndProject
Global
	GlobalSection(SolutionConfigurationPlatforms) = preSolution
		Debug|Any CPU = Debug|Any CPU
		Release|Any CPU = Release|Any CPU
	EndGlobalSection
	GlobalSection(ProjectConfigurationPlatforms) = postSolution
		{390059A4-046B-40F3-B04B-383D0A2D13AD}.Debug|Any CPU.ActiveCfg = Debug|Any CPU
		{390059A4-046B-40F3-B04B-383D0A2D13AD}.Debug|Any CPU.Build.0 = Debug|Any CPU
		{390059A4-046B-40F3-B04B-383D0A2D13AD}.Release|Any CPU.ActiveCfg = Release|Any CPU
		{390059A4-046B-40F3-B04B-383D0A2D13AD}.Release|Any CPU.Build.0 = Release|Any CPU
	EndGlobalSection
	GlobalSection(SolutionProperties) = preSolution
		HideSolutionNode = FALSE
	EndGlobalSection
	GlobalSection(ExtensibilityGlobals) = postSolution
		SolutionGuid = {CD853817-50A4-478B-9366-D80303B1571A}
	EndGlobalSection
EndGlobal
